
Microsoft Visual Studio Solution File, Format Version 12.00
# Visual Studio Version 16
VisualStudioVersion = 16.0.29318.209
MinimumVisualStudioVersion = 10.0.40219.1
Project("{FAE04EC0-301F-11D3-BF4B-00C04F79EFBC}") = "Taggy", "Taggy.csproj", "{35D4B5A4-27C1-4C01-9E3A-4F946A079B1D}"
EndProject
Project("{FAE04EC0-301F-11D3-BF4B-00C04F79EFBC}") = "Helper", "..\Helper\Helper.csproj", "{40AAB69B-A5F8-4DA0-B12C-7F499C7B5D28}"
EndProject
Global
	GlobalSection(SolutionConfigurationPlatforms) = preSolution
		Debug|Any CPU = Debug|Any CPU
		Release|Any CPU = Release|Any CPU
	EndGlobalSection
	GlobalSection(ProjectConfigurationPlatforms) = postSolution
		{35D4B5A4-27C1-4C01-9E3A-4F946A079B1D}.Debug|Any CPU.ActiveCfg = Debug|Any CPU
		{35D4B5A4-27C1-4C01-9E3A-4F946A079B1D}.Debug|Any CPU.Build.0 = Debug|Any CPU
		{35D4B5A4-27C1-4C01-9E3A-4F946A079B1D}.Release|Any CPU.ActiveCfg = Release|Any CPU
		{35D4B5A4-27C1-4C01-9E3A-4F946A079B1D}.Release|Any CPU.Build.0 = Release|Any CPU
		{40AAB69B-A5F8-4DA0-B12C-7F499C7B5D28}.Debug|Any CPU.ActiveCfg = Debug|Any CPU
		{40AAB69B-A5F8-4DA0-B12C-7F499C7B5D28}.Debug|Any CPU.Build.0 = Debug|Any CPU
		{40AAB69B-A5F8-4DA0-B12C-7F499C7B5D28}.Release|Any CPU.ActiveCfg = Release|Any CPU
		{40AAB69B-A5F8-4DA0-B12C-7F499C7B5D28}.Release|Any CPU.Build.0 = Release|Any CPU
	EndGlobalSection
	GlobalSection(SolutionProperties) = preSolution
		HideSolutionNode = FALSE
	EndGlobalSection
	GlobalSection(ExtensibilityGlobals) = postSolution
		SolutionGuid = {60A3892A-A94C-4E72-88BF-CF047C2F63CB}
	EndGlobalSection
EndGlobal
